// !$*UTF8*$!
{
	archiveVersion = 1;
	classes = {
	};
	objectVersion = 46;
	objects = {

/* Begin PBXBuildFile section */
		C2323C991CB91A6200DA02AF /* main.m in Sources */ = {isa = PBXBuildFile; fileRef = C2323C981CB91A6200DA02AF /* main.m */; };
		C2323C9C1CB91A6200DA02AF /* AppDelegate.m in Sources */ = {isa = PBXBuildFile; fileRef = C2323C9B1CB91A6200DA02AF /* AppDelegate.m */; };
		C2323C9F1CB91A6300DA02AF /* FirstViewController.m in Sources */ = {isa = PBXBuildFile; fileRef = C2323C9E1CB91A6300DA02AF /* FirstViewController.m */; };
		C2323CA21CB91A6300DA02AF /* SecondViewController.m in Sources */ = {isa = PBXBuildFile; fileRef = C2323CA11CB91A6300DA02AF /* SecondViewController.m */; };
		C2323CA51CB91A6300DA02AF /* Main.storyboard in Resources */ = {isa = PBXBuildFile; fileRef = C2323CA31CB91A6300DA02AF /* Main.storyboard */; };
		C2323CA71CB91A6300DA02AF /* Assets.xcassets in Resources */ = {isa = PBXBuildFile; fileRef = C2323CA61CB91A6300DA02AF /* Assets.xcassets */; };
		C2323CAA1CB91A6300DA02AF /* LaunchScreen.storyboard in Resources */ = {isa = PBXBuildFile; fileRef = C2323CA81CB91A6300DA02AF /* LaunchScreen.storyboard */; };
		C2323CB51CB91A6300DA02AF /* CJOCTsetTests.m in Sources */ = {isa = PBXBuildFile; fileRef = C2323CB41CB91A6300DA02AF /* CJOCTsetTests.m */; };
		C2323CC01CB91A6300DA02AF /* CJOCTsetUITests.m in Sources */ = {isa = PBXBuildFile; fileRef = C2323CBF1CB91A6300DA02AF /* CJOCTsetUITests.m */; };
/* End PBXBuildFile section */

/* Begin PBXContainerItemProxy section */
		C2323CB11CB91A6300DA02AF /* PBXContainerItemProxy */ = {
			isa = PBXContainerItemProxy;
			containerPortal = C2323C8C1CB91A6200DA02AF /* Project object */;
			proxyType = 1;
			remoteGlobalIDString = C2323C931CB91A6200DA02AF;
			remoteInfo = CJOCTset;
		};
		C2323CBC1CB91A6300DA02AF /* PBXContainerItemProxy */ = {
			isa = PBXContainerItemProxy;
			containerPortal = C2323C8C1CB91A6200DA02AF /* Project object */;
			proxyType = 1;
			remoteGlobalIDString = C2323C931CB91A6200DA02AF;
			remoteInfo = CJOCTset;
		};
/* End PBXContainerItemProxy section */

/* Begin PBXFileReference section */
		C2323C941CB91A6200DA02AF /* CJOCTset.app */ = {isa = PBXFileReference; explicitFileType = wrapper.application; includeInIndex = 0; path = CJOCTset.app; sourceTree = BUILT_PRODUCTS_DIR; };
		C2323C981CB91A6200DA02AF /* main.m */ = {isa = PBXFileReference; lastKnownFileType = sourcecode.c.objc; path = main.m; sourceTree = "<group>"; };
		C2323C9A1CB91A6200DA02AF /* AppDelegate.h */ = {isa = PBXFileReference; lastKnownFileType = sourcecode.c.h; path = AppDelegate.h; sourceTree = "<group>"; };
		C2323C9B1CB91A6200DA02AF /* AppDelegate.m */ = {isa = PBXFileReference; lastKnownFileType = sourcecode.c.objc; path = AppDelegate.m; sourceTree = "<group>"; };
		C2323C9D1CB91A6200DA02AF /* FirstViewController.h */ = {isa = PBXFileReference; lastKnownFileType = sourcecode.c.h; path = FirstViewController.h; sourceTree = "<group>"; };
		C2323C9E1CB91A6300DA02AF /* FirstViewController.m */ = {isa = PBXFileReference; lastKnownFileType = sourcecode.c.objc; path = FirstViewController.m; sourceTree = "<group>"; };
		C2323CA01CB91A6300DA02AF /* SecondViewController.h */ = {isa = PBXFileReference; lastKnownFileType = sourcecode.c.h; path = SecondViewController.h; sourceTree = "<group>"; };
		C2323CA11CB91A6300DA02AF /* SecondViewController.m */ = {isa = PBXFileReference; lastKnownFileType = sourcecode.c.objc; path = SecondViewController.m; sourceTree = "<group>"; };
		C2323CA41CB91A6300DA02AF /* Base */ = {isa = PBXFileReference; lastKnownFileType = file.storyboard; name = Base; path = Base.lproj/Main.storyboard; sourceTree = "<group>"; };
		C2323CA61CB91A6300DA02AF /* Assets.xcassets */ = {isa = PBXFileReference; lastKnownFileType = folder.assetcatalog; path = Assets.xcassets; sourceTree = "<group>"; };
		C2323CA91CB91A6300DA02AF /* Base */ = {isa = PBXFileReference; lastKnownFileType = file.storyboard; name = Base; path = Base.lproj/LaunchScreen.storyboard; sourceTree = "<group>"; };
		C2323CAB1CB91A6300DA02AF /* Info.plist */ = {isa = PBXFileReference; lastKnownFileType = text.plist.xml; path = Info.plist; sourceTree = "<group>"; };
		C2323CB01CB91A6300DA02AF /* CJOCTsetTests.xctest */ = {isa = PBXFileReference; explicitFileType = wrapper.cfbundle; includeInIndex = 0; path = CJOCTsetTests.xctest; sourceTree = BUILT_PRODUCTS_DIR; };
		C2323CB41CB91A6300DA02AF /* CJOCTsetTests.m */ = {isa = PBXFileReference; lastKnownFileType = sourcecode.c.objc; path = CJOCTsetTests.m; sourceTree = "<group>"; };
		C2323CB61CB91A6300DA02AF /* Info.plist */ = {isa = PBXFileReference; lastKnownFileType = text.plist.xml; path = Info.plist; sourceTree = "<group>"; };
		C2323CBB1CB91A6300DA02AF /* CJOCTsetUITests.xctest */ = {isa = PBXFileReference; explicitFileType = wrapper.cfbundle; includeInIndex = 0; path = CJOCTsetUITests.xctest; sourceTree = BUILT_PRODUCTS_DIR; };
		C2323CBF1CB91A6300DA02AF /* CJOCTsetUITests.m */ = {isa = PBXFileReference; lastKnownFileType = sourcecode.c.objc; path = CJOCTsetUITests.m; sourceTree = "<group>"; };
		C2323CC11CB91A6300DA02AF /* Info.plist */ = {isa = PBXFileReference; lastKnownFileType = text.plist.xml; path = Info.plist; sourceTree = "<group>"; };
/* End PBXFileReference section */

/* Begin PBXFrameworksBuildPhase section */
		C2323C911CB91A6200DA02AF /* Frameworks */ = {
			isa = PBXFrameworksBuildPhase;
			buildActionMask = 2147483647;
			files = (
			);
			runOnlyForDeploymentPostprocessing = 0;
		};
		C2323CAD1CB91A6300DA02AF /* Frameworks */ = {
			isa = PBXFrameworksBuildPhase;
			buildActionMask = 2147483647;
			files = (
			);
			runOnlyForDeploymentPostprocessing = 0;
		};
		C2323CB81CB91A6300DA02AF /* Frameworks */ = {
			isa = PBXFrameworksBuildPhase;
			buildActionMask = 2147483647;
			files = (
			);
			runOnlyForDeploymentPostprocessing = 0;
		};
/* End PBXFrameworksBuildPhase section */

/* Begin PBXGroup section */
		C2323C8B1CB91A6200DA02AF = {
			isa = PBXGroup;
			children = (
				C2323C961CB91A6200DA02AF /* CJOCTset */,
				C2323CB31CB91A6300DA02AF /* CJOCTsetTests */,
				C2323CBE1CB91A6300DA02AF /* CJOCTsetUITests */,
				C2323C951CB91A6200DA02AF /* Products */,
			);
			sourceTree = "<group>";
		};
		C2323C951CB91A6200DA02AF /* Products */ = {
			isa = PBXGroup;
			children = (
				C2323C941CB91A6200DA02AF /* CJOCTset.app */,
				C2323CB01CB91A6300DA02AF /* CJOCTsetTests.xctest */,
				C2323CBB1CB91A6300DA02AF /* CJOCTsetUITests.xctest */,
			);
			name = Products;
			sourceTree = "<group>";
		};
		C2323C961CB91A6200DA02AF /* CJOCTset */ = {
			isa = PBXGroup;
			children = (
				C2323C9A1CB91A6200DA02AF /* AppDelegate.h */,
				C2323C9B1CB91A6200DA02AF /* AppDelegate.m */,
				C2323C9D1CB91A6200DA02AF /* FirstViewController.h */,
				C2323C9E1CB91A6300DA02AF /* FirstViewController.m */,
				C2323CA01CB91A6300DA02AF /* SecondViewController.h */,
				C2323CA11CB91A6300DA02AF /* SecondViewController.m */,
				C2323CA31CB91A6300DA02AF /* Main.storyboard */,
				C2323CA61CB91A6300DA02AF /* Assets.xcassets */,
				C2323CA81CB91A6300DA02AF /* LaunchScreen.storyboard */,
				C2323CAB1CB91A6300DA02AF /* Info.plist */,
				C2323C971CB91A6200DA02AF /* Supporting Files */,
			);
			path = CJOCTset;
			sourceTree = "<group>";
		};
		C2323C971CB91A6200DA02AF /* Supporting Files */ = {
			isa = PBXGroup;
			children = (
				C2323C981CB91A6200DA02AF /* main.m */,
			);
			name = "Supporting Files";
			sourceTree = "<group>";
		};
		C2323CB31CB91A6300DA02AF /* CJOCTsetTests */ = {
			isa = PBXGroup;
			children = (
				C2323CB41CB91A6300DA02AF /* CJOCTsetTests.m */,
				C2323CB61CB91A6300DA02AF /* Info.plist */,
			);
			path = CJOCTsetTests;
			sourceTree = "<group>";
		};
		C2323CBE1CB91A6300DA02AF /* CJOCTsetUITests */ = {
			isa = PBXGroup;
			children = (
				C2323CBF1CB91A6300DA02AF /* CJOCTsetUITests.m */,
				C2323CC11CB91A6300DA02AF /* Info.plist */,
			);
			path = CJOCTsetUITests;
			sourceTree = "<group>";
		};
/* End PBXGroup section */

/* Begin PBXNativeTarget section */
		C2323C931CB91A6200DA02AF /* CJOCTset */ = {
			isa = PBXNativeTarget;
			buildConfigurationList = C2323CC41CB91A6300DA02AF /* Build configuration list for PBXNativeTarget "CJOCTset" */;
			buildPhases = (
				C2323C901CB91A6200DA02AF /* Sources */,
				C2323C911CB91A6200DA02AF /* Frameworks */,
				C2323C921CB91A6200DA02AF /* Resources */,
			);
			buildRules = (
			);
			dependencies = (
			);
			name = CJOCTset;
			productName = CJOCTset;
			productReference = C2323C941CB91A6200DA02AF /* CJOCTset.app */;
			productType = "com.apple.product-type.application";
		};
		C2323CAF1CB91A6300DA02AF /* CJOCTsetTests */ = {
			isa = PBXNativeTarget;
			buildConfigurationList = C2323CC71CB91A6300DA02AF /* Build configuration list for PBXNativeTarget "CJOCTsetTests" */;
			buildPhases = (
				C2323CAC1CB91A6300DA02AF /* Sources */,
				C2323CAD1CB91A6300DA02AF /* Frameworks */,
				C2323CAE1CB91A6300DA02AF /* Resources */,
			);
			buildRules = (
			);
			dependencies = (
				C2323CB21CB91A6300DA02AF /* PBXTargetDependency */,
			);
			name = CJOCTsetTests;
			productName = CJOCTsetTests;
			productReference = C2323CB01CB91A6300DA02AF /* CJOCTsetTests.xctest */;
			productType = "com.apple.product-type.bundle.unit-test";
		};
		C2323CBA1CB91A6300DA02AF /* CJOCTsetUITests */ = {
			isa = PBXNativeTarget;
			buildConfigurationList = C2323CCA1CB91A6300DA02AF /* Build configuration list for PBXNativeTarget "CJOCTsetUITests" */;
			buildPhases = (
				C2323CB71CB91A6300DA02AF /* Sources */,
				C2323CB81CB91A6300DA02AF /* Frameworks */,
				C2323CB91CB91A6300DA02AF /* Resources */,
			);
			buildRules = (
			);
			dependencies = (
				C2323CBD1CB91A6300DA02AF /* PBXTargetDependency */,
			);
			name = CJOCTsetUITests;
			productName = CJOCTsetUITests;
			productReference = C2323CBB1CB91A6300DA02AF /* CJOCTsetUITests.xctest */;
			productType = "com.apple.product-type.bundle.ui-testing";
		};
/* End PBXNativeTarget section */

/* Begin PBXProject section */
		C2323C8C1CB91A6200DA02AF /* Project object */ = {
			isa = PBXProject;
			attributes = {
				LastUpgradeCheck = 0730;
				ORGANIZATIONNAME = "程健";
				TargetAttributes = {
					C2323C931CB91A6200DA02AF = {
						CreatedOnToolsVersion = 7.3;
					};
					C2323CAF1CB91A6300DA02AF = {
						CreatedOnToolsVersion = 7.3;
						TestTargetID = C2323C931CB91A6200DA02AF;
					};
					C2323CBA1CB91A6300DA02AF = {
						CreatedOnToolsVersion = 7.3;
						TestTargetID = C2323C931CB91A6200DA02AF;
					};
				};
			};
			buildConfigurationList = C2323C8F1CB91A6200DA02AF /* Build configuration list for PBXProject "CJOCTset" */;
			compatibilityVersion = "Xcode 3.2";
			developmentRegion = English;
			hasScannedForEncodings = 0;
			knownRegions = (
				en,
				Base,
			);
			mainGroup = C2323C8B1CB91A6200DA02AF;
			productRefGroup = C2323C951CB91A6200DA02AF /* Products */;
			projectDirPath = "";
			projectRoot = "";
			targets = (
				C2323C931CB91A6200DA02AF /* CJOCTset */,
				C2323CAF1CB91A6300DA02AF /* CJOCTsetTests */,
				C2323CBA1CB91A6300DA02AF /* CJOCTsetUITests */,
			);
		};
/* End PBXProject section */

/* Begin PBXResourcesBuildPhase section */
		C2323C921CB91A6200DA02AF /* Resources */ = {
			isa = PBXResourcesBuildPhase;
			buildActionMask = 2147483647;
			files = (
				C2323CAA1CB91A6300DA02AF /* LaunchScreen.storyboard in Resources */,
				C2323CA71CB91A6300DA02AF /* Assets.xcassets in Resources */,
				C2323CA51CB91A6300DA02AF /* Main.storyboard in Resources */,
			);
			runOnlyForDeploymentPostprocessing = 0;
		};
		C2323CAE1CB91A6300DA02AF /* Resources */ = {
			isa = PBXResourcesBuildPhase;
			buildActionMask = 2147483647;
			files = (
			);
			runOnlyForDeploymentPostprocessing = 0;
		};
		C2323CB91CB91A6300DA02AF /* Resources */ = {
			isa = PBXResourcesBuildPhase;
			buildActionMask = 2147483647;
			files = (
			);
			runOnlyForDeploymentPostprocessing = 0;
		};
/* End PBXResourcesBuildPhase section */

/* Begin PBXSourcesBuildPhase section */
		C2323C901CB91A6200DA02AF /* Sources */ = {
			isa = PBXSourcesBuildPhase;
			buildActionMask = 2147483647;
			files = (
				C2323CA21CB91A6300DA02AF /* SecondViewController.m in Sources */,
				C2323C9C1CB91A6200DA02AF /* AppDelegate.m in Sources */,
				C2323C9F1CB91A6300DA02AF /* FirstViewController.m in Sources */,
				C2323C991CB91A6200DA02AF /* main.m in Sources */,
			);
			runOnlyForDeploymentPostprocessing = 0;
		};
		C2323CAC1CB91A6300DA02AF /* Sources */ = {
			isa = PBXSourcesBuildPhase;
			buildActionMask = 2147483647;
			files = (
				C2323CB51CB91A6300DA02AF /* CJOCTsetTests.m in Sources */,
			);
			runOnlyForDeploymentPostprocessing = 0;
		};
		C2323CB71CB91A6300DA02AF /* Sources */ = {
			isa = PBXSourcesBuildPhase;
			buildActionMask = 2147483647;
			files = (
				C2323CC01CB91A6300DA02AF /* CJOCTsetUITests.m in Sources */,
			);
			runOnlyForDeploymentPostprocessing = 0;
		};
/* End PBXSourcesBuildPhase section */

/* Begin PBXTargetDependency section */
		C2323CB21CB91A6300DA02AF /* PBXTargetDependency */ = {
			isa = PBXTargetDependency;
			target = C2323C931CB91A6200DA02AF /* CJOCTset */;
			targetProxy = C2323CB11CB91A6300DA02AF /* PBXContainerItemProxy */;
		};
		C2323CBD1CB91A6300DA02AF /* PBXTargetDependency */ = {
			isa = PBXTargetDependency;
			target = C2323C931CB91A6200DA02AF /* CJOCTset */;
			targetProxy = C2323CBC1CB91A6300DA02AF /* PBXContainerItemProxy */;
		};
/* End PBXTargetDependency section */

/* Begin PBXVariantGroup section */
		C2323CA31CB91A6300DA02AF /* Main.storyboard */ = {
			isa = PBXVariantGroup;
			children = (
				C2323CA41CB91A6300DA02AF /* Base */,
			);
			name = Main.storyboard;
			sourceTree = "<group>";
		};
		C2323CA81CB91A6300DA02AF /* LaunchScreen.storyboard */ = {
			isa = PBXVariantGroup;
			children = (
				C2323CA91CB91A6300DA02AF /* Base */,
			);
			name = LaunchScreen.storyboard;
			sourceTree = "<group>";
		};
/* End PBXVariantGroup section */

/* Begin XCBuildConfiguration section */
		C2323CC21CB91A6300DA02AF /* Debug */ = {
			isa = XCBuildConfiguration;
			buildSettings = {
				ALWAYS_SEARCH_USER_PATHS = NO;
				CLANG_ANALYZER_NONNULL = YES;
				CLANG_CXX_LANGUAGE_STANDARD = "gnu++0x";
				CLANG_CXX_LIBRARY = "libc++";
				CLANG_ENABLE_MODULES = YES;
				CLANG_ENABLE_OBJC_ARC = YES;
				CLANG_WARN_BOOL_CONVERSION = YES;
				CLANG_WARN_CONSTANT_CONVERSION = YES;
				CLANG_WARN_DIRECT_OBJC_ISA_USAGE = YES_ERROR;
				CLANG_WARN_EMPTY_BODY = YES;
				CLANG_WARN_ENUM_CONVERSION = YES;
				CLANG_WARN_INT_CONVERSION = YES;
				CLANG_WARN_OBJC_ROOT_CLASS = YES_ERROR;
				CLANG_WARN_UNREACHABLE_CODE = YES;
				CLANG_WARN__DUPLICATE_METHOD_MATCH = YES;
				"CODE_SIGN_IDENTITY[sdk=iphoneos*]" = "iPhone Developer";
				COPY_PHASE_STRIP = NO;
				DEBUG_INFORMATION_FORMAT = dwarf;
				ENABLE_STRICT_OBJC_MSGSEND = YES;
				ENABLE_TESTABILITY = YES;
				GCC_C_LANGUAGE_STANDARD = gnu99;
				GCC_DYNAMIC_NO_PIC = NO;
				GCC_NO_COMMON_BLOCKS = YES;
				GCC_OPTIMIZATION_LEVEL = 0;
				GCC_PREPROCESSOR_DEFINITIONS = (
					"DEBUG=1",
					"$(inherited)",
				);
				GCC_WARN_64_TO_32_BIT_CONVERSION = YES;
				GCC_WARN_ABOUT_RETURN_TYPE = YES_ERROR;
				GCC_WARN_UNDECLARED_SELECTOR = YES;
				GCC_WARN_UNINITIALIZED_AUTOS = YES_AGGRESSIVE;
				GCC_WARN_UNUSED_FUNCTION = YES;
				GCC_WARN_UNUSED_VARIABLE = YES;
				IPHONEOS_DEPLOYMENT_TARGET = 9.3;
				MTL_ENABLE_DEBUG_INFO = YES;
				ONLY_ACTIVE_ARCH = YES;
				SDKROOT = iphoneos;
				TARGETED_DEVICE_FAMILY = "1,2";
			};
			name = Debug;
		};
		C2323CC31CB91A6300DA02AF /* Release */ = {
			isa = XCBuildConfiguration;
			buildSettings = {
				ALWAYS_SEARCH_USER_PATHS = NO;
				CLANG_ANALYZER_NONNULL = YES;
				CLANG_CXX_LANGUAGE_STANDARD = "gnu++0x";
				CLANG_CXX_LIBRARY = "libc++";
				CLANG_ENABLE_MODULES = YES;
				CLANG_ENABLE_OBJC_ARC = YES;
				CLANG_WARN_BOOL_CONVERSION = YES;
				CLANG_WARN_CONSTANT_CONVERSION = YES;
				CLANG_WARN_DIRECT_OBJC_ISA_USAGE = YES_ERROR;
				CLANG_WARN_EMPTY_BODY = YES;
				CLANG_WARN_ENUM_CONVERSION = YES;
				CLANG_WARN_INT_CONVERSION = YES;
				CLANG_WARN_OBJC_ROOT_CLASS = YES_ERROR;
				CLANG_WARN_UNREACHABLE_CODE = YES;
				CLANG_WARN__DUPLICATE_METHOD_MATCH = YES;
				"CODE_SIGN_IDENTITY[sdk=iphoneos*]" = "iPhone Developer";
				COPY_PHASE_STRIP = NO;
				DEBUG_INFORMATION_FORMAT = "dwarf-with-dsym";
				ENABLE_NS_ASSERTIONS = NO;
				ENABLE_STRICT_OBJC_MSGSEND = YES;
				GCC_C_LANGUAGE_STANDARD = gnu99;
				GCC_NO_COMMON_BLOCKS = YES;
				GCC_WARN_64_TO_32_BIT_CONVERSION = YES;
				GCC_WARN_ABOUT_RETURN_TYPE = YES_ERROR;
				GCC_WARN_UNDECLARED_SELECTOR = YES;
				GCC_WARN_UNINITIALIZED_AUTOS = YES_AGGRESSIVE;
				GCC_WARN_UNUSED_FUNCTION = YES;
				GCC_WARN_UNUSED_VARIABLE = YES;
				IPHONEOS_DEPLOYMENT_TARGET = 9.3;
				MTL_ENABLE_DEBUG_INFO = NO;
				SDKROOT = iphoneos;
				TARGETED_DEVICE_FAMILY = "1,2";
				VALIDATE_PRODUCT = YES;
			};
			name = Release;
		};
		C2323CC51CB91A6300DA02AF /* Debug */ = {
			isa = XCBuildConfiguration;
			buildSettings = {
				ASSETCATALOG_COMPILER_APPICON_NAME = AppIcon;
				INFOPLIST_FILE = CJOCTset/Info.plist;
				LD_RUNPATH_SEARCH_PATHS = "$(inherited) @executable_path/Frameworks";
				PRODUCT_BUNDLE_IDENTIFIER = com.appjump.test.CJOCTset;
				PRODUCT_NAME = "$(TARGET_NAME)";
			};
			name = Debug;
		};
		C2323CC61CB91A6300DA02AF /* Release */ = {
			isa = XCBuildConfiguration;
			buildSettings = {
				ASSETCATALOG_COMPILER_APPICON_NAME = AppIcon;
				INFOPLIST_FILE = CJOCTset/Info.plist;
				LD_RUNPATH_SEARCH_PATHS = "$(inherited) @executable_path/Frameworks";
				PRODUCT_BUNDLE_IDENTIFIER = com.appjump.test.CJOCTset;
				PRODUCT_NAME = "$(TARGET_NAME)";
			};
			name = Release;
		};
		C2323CC81CB91A6300DA02AF /* Debug */ = {
			isa = XCBuildConfiguration;
			buildSettings = {
				BUNDLE_LOADER = "$(TEST_HOST)";
				INFOPLIST_FILE = CJOCTsetTests/Info.plist;
				LD_RUNPATH_SEARCH_PATHS = "$(inherited) @executable_path/Frameworks @loader_path/Frameworks";
				PRODUCT_BUNDLE_IDENTIFIER = com.appjump.test.CJOCTsetTests;
				PRODUCT_NAME = "$(TARGET_NAME)";
				TEST_HOST = "$(BUILT_PRODUCTS_DIR)/CJOCTset.app/CJOCTset";
			};
			name = Debug;
		};
		C2323CC91CB91A6300DA02AF /* Release */ = {
			isa = XCBuildConfiguration;
			buildSettings = {
				BUNDLE_LOADER = "$(TEST_HOST)";
				INFOPLIST_FILE = CJOCTsetTests/Info.plist;
				LD_RUNPATH_SEARCH_PATHS = "$(inherited) @executable_path/Frameworks @loader_path/Frameworks";
				PRODUCT_BUNDLE_IDENTIFIER = com.appjump.test.CJOCTsetTests;
				PRODUCT_NAME = "$(TARGET_NAME)";
				TEST_HOST = "$(BUILT_PRODUCTS_DIR)/CJOCTset.app/CJOCTset";
			};
			name = Release;
		};
		C2323CCB1CB91A6300DA02AF /* Debug */ = {
			isa = XCBuildConfiguration;
			buildSettings = {
				INFOPLIST_FILE = CJOCTsetUITests/Info.plist;
				LD_RUNPATH_SEARCH_PATHS = "$(inherited) @executable_path/Frameworks @loader_path/Frameworks";
				PRODUCT_BUNDLE_IDENTIFIER = com.appjump.test.CJOCTsetUITests;
				PRODUCT_NAME = "$(TARGET_NAME)";
				TEST_TARGET_NAME = CJOCTset;
			};
			name = Debug;
		};
		C2323CCC1CB91A6300DA02AF /* Release */ = {
			isa = XCBuildConfiguration;
			buildSettings = {
				INFOPLIST_FILE = CJOCTsetUITests/Info.plist;
				LD_RUNPATH_SEARCH_PATHS = "$(inherited) @executable_path/Frameworks @loader_path/Frameworks";
				PRODUCT_BUNDLE_IDENTIFIER = com.appjump.test.CJOCTsetUITests;
				PRODUCT_NAME = "$(TARGET_NAME)";
				TEST_TARGET_NAME = CJOCTset;
			};
			name = Release;
		};
/* End XCBuildConfiguration section */

/* Begin XCConfigurationList section */
		C2323C8F1CB91A6200DA02AF /* Build configuration list for PBXProject "CJOCTset" */ = {
			isa = XCConfigurationList;
			buildConfigurations = (
				C2323CC21CB91A6300DA02AF /* Debug */,
				C2323CC31CB91A6300DA02AF /* Release */,
			);
			defaultConfigurationIsVisible = 0;
			defaultConfigurationName = Release;
		};
		C2323CC41CB91A6300DA02AF /* Build configuration list for PBXNativeTarget "CJOCTset" */ = {
			isa = XCConfigurationList;
			buildConfigurations = (
				C2323CC51CB91A6300DA02AF /* Debug */,
				C2323CC61CB91A6300DA02AF /* Release */,
			);
			defaultConfigurationIsVisible = 0;
		};
		C2323CC71CB91A6300DA02AF /* Build configuration list for PBXNativeTarget "CJOCTsetTests" */ = {
			isa = XCConfigurationList;
			buildConfigurations = (
				C2323CC81CB91A6300DA02AF /* Debug */,
				C2323CC91CB91A6300DA02AF /* Release */,
			);
			defaultConfigurationIsVisible = 0;
		};
		C2323CCA1CB91A6300DA02AF /* Build configuration list for PBXNativeTarget "CJOCTsetUITests" */ = {
			isa = XCConfigurationList;
			buildConfigurations = (
				C2323CCB1CB91A6300DA02AF /* Debug */,
				C2323CCC1CB91A6300DA02AF /* Release */,
			);
			defaultConfigurationIsVisible = 0;
		};
/* End XCConfigurationList section */
	};
	rootObject = C2323C8C1CB91A6200DA02AF /* Project object */;
}
